Microsoft Visual Studio Solution File, Format Version 12.00
# Visual Studio 2013
Project("{8BC9CEB8-8B4A-11D0-8D11-00A0C91BC942}") = "ALL_BUILD", "ALL_BUILD.vcxproj", "{F6E94F45-20FF-4D58-BA1B-0B9D6172426E}"
	ProjectSection(ProjectDependencies) = postProject
		{855CA9BA-EF73-4559-9B1A-E6B0CC7F9C4D} = {855CA9BA-EF73-4559-9B1A-E6B0CC7F9C4D}
		{D833B000-0687-481E-AED3-70941148FEDC} = {D833B000-0687-481E-AED3-70941148FEDC}
		{F2AE181E-2047-42D5-9C35-3F62D760AC79} = {F2AE181E-2047-42D5-9C35-3F62D760AC79}
		{697199C6-7F7F-4EEF-A5A7-5B106870D921} = {697199C6-7F7F-4EEF-A5A7-5B106870D921}
	EndProjectSection
EndProject
Project("{8BC9CEB8-8B4A-11D0-8D11-00A0C91BC942}") = "ZERO_CHECK", "ZERO_CHECK.vcxproj", "{855CA9BA-EF73-4559-9B1A-E6B0CC7F9C4D}"
	ProjectSection(ProjectDependencies) = postProject
	EndProjectSection
EndProject
Project("{8BC9CEB8-8B4A-11D0-8D11-00A0C91BC942}") = "enet", "dep\enet.vcxproj", "{D833B000-0687-481E-AED3-70941148FEDC}"
	ProjectSection(ProjectDependencies) = postProject
		{855CA9BA-EF73-4559-9B1A-E6B0CC7F9C4D} = {855CA9BA-EF73-4559-9B1A-E6B0CC7F9C4D}
	EndProjectSection
EndProject
Project("{8BC9CEB8-8B4A-11D0-8D11-00A0C91BC942}") = "intlib", "dep\intlib.vcxproj", "{F2AE181E-2047-42D5-9C35-3F62D760AC79}"
	ProjectSection(ProjectDependencies) = postProject
		{855CA9BA-EF73-4559-9B1A-E6B0CC7F9C4D} = {855CA9BA-EF73-4559-9B1A-E6B0CC7F9C4D}
	EndProjectSection
EndProject
Project("{8BC9CEB8-8B4A-11D0-8D11-00A0C91BC942}") = "intwars", "gamed\intwars.vcxproj", "{697199C6-7F7F-4EEF-A5A7-5B106870D921}"
	ProjectSection(ProjectDependencies) = postProject
		{855CA9BA-EF73-4559-9B1A-E6B0CC7F9C4D} = {855CA9BA-EF73-4559-9B1A-E6B0CC7F9C4D}
		{D833B000-0687-481E-AED3-70941148FEDC} = {D833B000-0687-481E-AED3-70941148FEDC}
		{F2AE181E-2047-42D5-9C35-3F62D760AC79} = {F2AE181E-2047-42D5-9C35-3F62D760AC79}
	EndProjectSection
EndProject
Global
	GlobalSection(SolutionConfigurationPlatforms) = preSolution
		Debug|Win32 = Debug|Win32
		Release|Win32 = Release|Win32
		MinSizeRel|Win32 = MinSizeRel|Win32
		RelWithDebInfo|Win32 = RelWithDebInfo|Win32
	EndGlobalSection
	GlobalSection(ProjectConfigurationPlatforms) = postSolution
		{F6E94F45-20FF-4D58-BA1B-0B9D6172426E}.Debug|Win32.ActiveCfg = Debug|Win32
		{F6E94F45-20FF-4D58-BA1B-0B9D6172426E}.Release|Win32.ActiveCfg = Release|Win32
		{F6E94F45-20FF-4D58-BA1B-0B9D6172426E}.MinSizeRel|Win32.ActiveCfg = MinSizeRel|Win32
		{F6E94F45-20FF-4D58-BA1B-0B9D6172426E}.RelWithDebInfo|Win32.ActiveCfg = RelWithDebInfo|Win32
		{855CA9BA-EF73-4559-9B1A-E6B0CC7F9C4D}.Debug|Win32.ActiveCfg = Debug|Win32
		{855CA9BA-EF73-4559-9B1A-E6B0CC7F9C4D}.Debug|Win32.Build.0 = Debug|Win32
		{855CA9BA-EF73-4559-9B1A-E6B0CC7F9C4D}.Release|Win32.ActiveCfg = Release|Win32
		{855CA9BA-EF73-4559-9B1A-E6B0CC7F9C4D}.Release|Win32.Build.0 = Release|Win32
		{855CA9BA-EF73-4559-9B1A-E6B0CC7F9C4D}.MinSizeRel|Win32.ActiveCfg = MinSizeRel|Win32
		{855CA9BA-EF73-4559-9B1A-E6B0CC7F9C4D}.MinSizeRel|Win32.Build.0 = MinSizeRel|Win32
		{855CA9BA-EF73-4559-9B1A-E6B0CC7F9C4D}.RelWithDebInfo|Win32.ActiveCfg = RelWithDebInfo|Win32
		{855CA9BA-EF73-4559-9B1A-E6B0CC7F9C4D}.RelWithDebInfo|Win32.Build.0 = RelWithDebInfo|Win32
		{D833B000-0687-481E-AED3-70941148FEDC}.Debug|Win32.ActiveCfg = Debug|Win32
		{D833B000-0687-481E-AED3-70941148FEDC}.Debug|Win32.Build.0 = Debug|Win32
		{D833B000-0687-481E-AED3-70941148FEDC}.Release|Win32.ActiveCfg = Release|Win32
		{D833B000-0687-481E-AED3-70941148FEDC}.Release|Win32.Build.0 = Release|Win32
		{D833B000-0687-481E-AED3-70941148FEDC}.MinSizeRel|Win32.ActiveCfg = MinSizeRel|Win32
		{D833B000-0687-481E-AED3-70941148FEDC}.MinSizeRel|Win32.Build.0 = MinSizeRel|Win32
		{D833B000-0687-481E-AED3-70941148FEDC}.RelWithDebInfo|Win32.ActiveCfg = RelWithDebInfo|Win32
		{D833B000-0687-481E-AED3-70941148FEDC}.RelWithDebInfo|Win32.Build.0 = RelWithDebInfo|Win32
		{F2AE181E-2047-42D5-9C35-3F62D760AC79}.Debug|Win32.ActiveCfg = Debug|Win32
		{F2AE181E-2047-42D5-9C35-3F62D760AC79}.Debug|Win32.Build.0 = Debug|Win32
		{F2AE181E-2047-42D5-9C35-3F62D760AC79}.Release|Win32.ActiveCfg = Release|Win32
		{F2AE181E-2047-42D5-9C35-3F62D760AC79}.Release|Win32.Build.0 = Release|Win32
		{F2AE181E-2047-42D5-9C35-3F62D760AC79}.MinSizeRel|Win32.ActiveCfg = MinSizeRel|Win32
		{F2AE181E-2047-42D5-9C35-3F62D760AC79}.MinSizeRel|Win32.Build.0 = MinSizeRel|Win32
		{F2AE181E-2047-42D5-9C35-3F62D760AC79}.RelWithDebInfo|Win32.ActiveCfg = RelWithDebInfo|Win32
		{F2AE181E-2047-42D5-9C35-3F62D760AC79}.RelWithDebInfo|Win32.Build.0 = RelWithDebInfo|Win32
		{697199C6-7F7F-4EEF-A5A7-5B106870D921}.Debug|Win32.ActiveCfg = Debug|Win32
		{697199C6-7F7F-4EEF-A5A7-5B106870D921}.Debug|Win32.Build.0 = Debug|Win32
		{697199C6-7F7F-4EEF-A5A7-5B106870D921}.Release|Win32.ActiveCfg = Release|Win32
		{697199C6-7F7F-4EEF-A5A7-5B106870D921}.Release|Win32.Build.0 = Release|Win32
		{697199C6-7F7F-4EEF-A5A7-5B106870D921}.MinSizeRel|Win32.ActiveCfg = MinSizeRel|Win32
		{697199C6-7F7F-4EEF-A5A7-5B106870D921}.MinSizeRel|Win32.Build.0 = MinSizeRel|Win32
		{697199C6-7F7F-4EEF-A5A7-5B106870D921}.RelWithDebInfo|Win32.ActiveCfg = RelWithDebInfo|Win32
		{697199C6-7F7F-4EEF-A5A7-5B106870D921}.RelWithDebInfo|Win32.Build.0 = RelWithDebInfo|Win32
	EndGlobalSection
	GlobalSection(ExtensibilityGlobals) = postSolution
	EndGlobalSection
	GlobalSection(ExtensibilityAddIns) = postSolution
	EndGlobalSection
EndGlobal
